{
  "name": "test-tag",
  "lockfileVersion": 2,
  "requires": true,
  "packages": {
    "": {
      "dependencies": {
        "react-virtuoso": "^2.5.2"
      }
    },
    "node_modules/@virtuoso.dev/react-urx": {
      "version": "0.2.12",
      "resolved": "https://registry.npmjs.org/@virtuoso.dev/react-urx/-/react-urx-0.2.12.tgz",
      "integrity": "sha512-Lcrrmq/UztM+rgepAdThdIk8dL3LEi9o2NTkL6ZLKPrTGjr5tSmsauD30/O8yu7Q0ncDnptmMR3OObdvMGuEKQ==",
      "dependencies": {
        "@virtuoso.dev/urx": "^0.2.12"
      },
      "engines": {
        "node": ">=10"
      },
      "peerDependencies": {
        "react": ">=16"
      }
    },
    "node_modules/@virtuoso.dev/urx": {
      "version": "0.2.12",
      "resolved": "https://registry.npmjs.org/@virtuoso.dev/urx/-/urx-0.2.12.tgz",
      "integrity": "sha512-Q9nlRqYb5Uq4Ynu8cWPSJ7LxpuZsI+MZ09IJlDAAgwuNgfWRArpVRP0VN0coYgUo2fKMjhmV69MTqaUbIBhu/g=="
    },
    "node_modules/js-tokens": {
      "version": "4.0.0",
      "resolved": "https://registry.npmjs.org/js-tokens/-/js-tokens-4.0.0.tgz",
      "integrity": "sha512-RdJUflcE3cUzKiMqQgsCu06FPu9UdIJO0beYbPhHN4k6apgJtifcoCtT9bcxOpYBtpD2kCM6Sbzg4CausW/PKQ==",
      "peer": true
    },
    "node_modules/loose-envify": {
      "version": "1.4.0",
      "resolved": "https://registry.npmjs.org/loose-envify/-/loose-envify-1.4.0.tgz",
      "integrity": "sha512-lyuxPGr/Wfhrlem2CL/UcnUc1zcqKAImBDzukY7Y5F/yQiNdko6+fRLevlw1HgMySw7f611UIY408EtxRSoK3Q==",
      "peer": true,
      "dependencies": {
        "js-tokens": "^3.0.0 || ^4.0.0"
      },
      "bin": {
        "loose-envify": "cli.js"
      }
    },
    "node_modules/object-assign": {
      "version": "4.1.1",
      "resolved": "https://registry.npmjs.org/object-assign/-/object-assign-4.1.1.tgz",
      "integrity": "sha1-IQmtx5ZYh8/AXLvUQsrIv7s2CGM=",
      "peer": true,
      "engines": {
        "node": ">=0.10.0"
      }
    },
    "node_modules/react": {
      "version": "17.0.2",
      "resolved": "https://registry.npmjs.org/react/-/react-17.0.2.tgz",
      "integrity": "sha512-gnhPt75i/dq/z3/6q/0asP78D0u592D5L1pd7M8P+dck6Fu/jJeL6iVVK23fptSUZj8Vjf++7wXA8UNclGQcbA==",
      "peer": true,
      "dependencies": {
        "loose-envify": "^1.1.0",
        "object-assign": "^4.1.1"
      },
      "engines": {
        "node": ">=0.10.0"
      }
    },
    "node_modules/react-virtuoso": {
      "version": "2.5.2",
      "resolved": "https://registry.npmjs.org/react-virtuoso/-/react-virtuoso-2.5.2.tgz",
      "integrity": "sha512-YSHgnj7GsCGp4gLeHCL64L0f9w6S2PqBelQI7L6kL8p67vloDLK4YeSgHMbBrquLqyRTyKue6HqJdWat42Z3TQ==",
      "dependencies": {
        "@virtuoso.dev/react-urx": "^0.2.12",
        "@virtuoso.dev/urx": "^0.2.12"
      },
      "engines": {
        "node": ">=10"
      },
      "peerDependencies": {
        "react": ">=16"
      }
    }
  },
  "dependencies": {
    "@virtuoso.dev/react-urx": {
      "version": "0.2.12",
      "resolved": "https://registry.npmjs.org/@virtuoso.dev/react-urx/-/react-urx-0.2.12.tgz",
      "integrity": "sha512-Lcrrmq/UztM+rgepAdThdIk8dL3LEi9o2NTkL6ZLKPrTGjr5tSmsauD30/O8yu7Q0ncDnptmMR3OObdvMGuEKQ==",
      "requires": {
        "@virtuoso.dev/urx": "^0.2.12"
      }
    },
    "@virtuoso.dev/urx": {
      "version": "0.2.12",
      "resolved": "https://registry.npmjs.org/@virtuoso.dev/urx/-/urx-0.2.12.tgz",
      "integrity": "sha512-Q9nlRqYb5Uq4Ynu8cWPSJ7LxpuZsI+MZ09IJlDAAgwuNgfWRArpVRP0VN0coYgUo2fKMjhmV69MTqaUbIBhu/g=="
    },
    "js-tokens": {
      "version": "4.0.0",
      "resolved": "https://registry.npmjs.org/js-tokens/-/js-tokens-4.0.0.tgz",
      "integrity": "sha512-RdJUflcE3cUzKiMqQgsCu06FPu9UdIJO0beYbPhHN4k6apgJtifcoCtT9bcxOpYBtpD2kCM6Sbzg4CausW/PKQ==",
      "peer": true
    },
    "loose-envify": {
      "version": "1.4.0",
      "resolved": "https://registry.npmjs.org/loose-envify/-/loose-envify-1.4.0.tgz",
      "integrity": "sha512-lyuxPGr/Wfhrlem2CL/UcnUc1zcqKAImBDzukY7Y5F/yQiNdko6+fRLevlw1HgMySw7f611UIY408EtxRSoK3Q==",
      "peer": true,
      "requires": {
        "js-tokens": "^3.0.0 || ^4.0.0"
      }
    },
    "object-assign": {
      "version": "4.1.1",
      "resolved": "https://registry.npmjs.org/object-assign/-/object-assign-4.1.1.tgz",
      "integrity": "sha1-IQmtx5ZYh8/AXLvUQsrIv7s2CGM=",
      "peer": true
    },
    "react": {
      "version": "17.0.2",
      "resolved": "https://registry.npmjs.org/react/-/react-17.0.2.tgz",
      "integrity": "sha512-gnhPt75i/dq/z3/6q/0asP78D0u592D5L1pd7M8P+dck6Fu/jJeL6iVVK23fptSUZj8Vjf++7wXA8UNclGQcbA==",
      "peer": true,
      "requires": {
        "loose-envify": "^1.1.0",
        "object-assign": "^4.1.1"
      }
    },
    "react-virtuoso": {
      "version": "2.5.2",
      "resolved": "https://registry.npmjs.org/react-virtuoso/-/react-virtuoso-2.5.2.tgz",
      "integrity": "sha512-YSHgnj7GsCGp4gLeHCL64L0f9w6S2PqBelQI7L6kL8p67vloDLK4YeSgHMbBrquLqyRTyKue6HqJdWat42Z3TQ==",
      "requires": {
        "@virtuoso.dev/react-urx": "^0.2.12",
        "@virtuoso.dev/urx": "^0.2.12"
      }
    }
  }
}
